
Microsoft Visual Studio Solution File, Format Version 12.00
# Visual Studio Version 17
VisualStudioVersion = 17.3.32922.545
MinimumVisualStudioVersion = 10.0.40219.1
Project("{FAE04EC0-301F-11D3-BF4B-00C04F79EFBC}") = "WpfApp9", "WpfApp9.csproj", "{1D7122AF-D823-4BC7-A2FF-8CA18D1167CA}"
EndProject
Global
	GlobalSection(SolutionConfigurationPlatforms) = preSolution
		Debug|Any CPU = Debug|Any CPU
		Release|Any CPU = Release|Any CPU
	EndGlobalSection
	GlobalSection(ProjectConfigurationPlatforms) = postSolution
		{1D7122AF-D823-4BC7-A2FF-8CA18D1167CA}.Debug|Any CPU.ActiveCfg = Debug|Any CPU
		{1D7122AF-D823-4BC7-A2FF-8CA18D1167CA}.Debug|Any CPU.Build.0 = Debug|Any CPU
		{1D7122AF-D823-4BC7-A2FF-8CA18D1167CA}.Release|Any CPU.ActiveCfg = Release|Any CPU
		{1D7122AF-D823-4BC7-A2FF-8CA18D1167CA}.Release|Any CPU.Build.0 = Release|Any CPU
	EndGlobalSection
	GlobalSection(SolutionProperties) = preSolution
		HideSolutionNode = FALSE
	EndGlobalSection
	GlobalSection(ExtensibilityGlobals) = postSolution
		SolutionGuid = {D7983863-AAB2-4AAD-93DD-C48EB45EB6E4}
	EndGlobalSection
EndGlobal
